// !$*UTF8*$!
{
	archiveVersion = 1;
	classes = {
	};
	objectVersion = 50;
	objects = {

/* Begin PBXBuildFile section */
		F6571C4825D86933005D634F /* ImageSaver.swift in Sources */ = {isa = PBXBuildFile; fileRef = F6571C4725D86933005D634F /* ImageSaver.swift */; };
		F6571C4B25D89585005D634F /* QRCodeGenerator.swift in Sources */ = {isa = PBXBuildFile; fileRef = F6571C4A25D89585005D634F /* QRCodeGenerator.swift */; };
		F66DCF5925B5ED85002D8273 /* QR_Code_GeneratorApp.swift in Sources */ = {isa = PBXBuildFile; fileRef = F66DCF5825B5ED85002D8273 /* QR_Code_GeneratorApp.swift */; };
		F66DCF5B25B5ED85002D8273 /* ContentView.swift in Sources */ = {isa = PBXBuildFile; fileRef = F66DCF5A25B5ED85002D8273 /* ContentView.swift */; };
		F66DCF5D25B5ED87002D8273 /* Assets.xcassets in Resources */ = {isa = PBXBuildFile; fileRef = F66DCF5C25B5ED87002D8273 /* Assets.xcassets */; };
		F66DCF6025B5ED87002D8273 /* Preview Assets.xcassets in Resources */ = {isa = PBXBuildFile; fileRef = F66DCF5F25B5ED87002D8273 /* Preview Assets.xcassets */; };
/* End PBXBuildFile section */

/* Begin PBXFileReference section */
		F6571C4725D86933005D634F /* ImageSaver.swift */ = {isa = PBXFileReference; lastKnownFileType = sourcecode.swift; path = ImageSaver.swift; sourceTree = "<group>"; };
		F6571C4A25D89585005D634F /* QRCodeGenerator.swift */ = {isa = PBXFileReference; lastKnownFileType = sourcecode.swift; path = QRCodeGenerator.swift; sourceTree = "<group>"; };
		F66DCF5525B5ED85002D8273 /* QR Code Generator.app */ = {isa = PBXFileReference; explicitFileType = wrapper.application; includeInIndex = 0; path = "QR Code Generator.app"; sourceTree = BUILT_PRODUCTS_DIR; };
		F66DCF5825B5ED85002D8273 /* QR_Code_GeneratorApp.swift */ = {isa = PBXFileReference; lastKnownFileType = sourcecode.swift; path = QR_Code_GeneratorApp.swift; sourceTree = "<group>"; };
		F66DCF5A25B5ED85002D8273 /* ContentView.swift */ = {isa = PBXFileReference; lastKnownFileType = sourcecode.swift; path = ContentView.swift; sourceTree = "<group>"; };
		F66DCF5C25B5ED87002D8273 /* Assets.xcassets */ = {isa = PBXFileReference; lastKnownFileType = folder.assetcatalog; path = Assets.xcassets; sourceTree = "<group>"; };
		F66DCF5F25B5ED87002D8273 /* Preview Assets.xcassets */ = {isa = PBXFileReference; lastKnownFileType = folder.assetcatalog; path = "Preview Assets.xcassets"; sourceTree = "<group>"; };
		F66DCF6125B5ED87002D8273 /* Info.plist */ = {isa = PBXFileReference; lastKnownFileType = text.plist.xml; path = Info.plist; sourceTree = "<group>"; };
/* End PBXFileReference section */

/* Begin PBXFrameworksBuildPhase section */
		F66DCF5225B5ED85002D8273 /* Frameworks */ = {
			isa = PBXFrameworksBuildPhase;
			buildActionMask = 2147483647;
			files = (
			);
			runOnlyForDeploymentPostprocessing = 0;
		};
/* End PBXFrameworksBuildPhase section */

/* Begin PBXGroup section */
		F66DCF4C25B5ED84002D8273 = {
			isa = PBXGroup;
			children = (
				F66DCF5725B5ED85002D8273 /* QR Code Generator */,
				F66DCF5625B5ED85002D8273 /* Products */,
			);
			sourceTree = "<group>";
		};
		F66DCF5625B5ED85002D8273 /* Products */ = {
			isa = PBXGroup;
			children = (
				F66DCF5525B5ED85002D8273 /* QR Code Generator.app */,
			);
			name = Products;
			sourceTree = "<group>";
		};
		F66DCF5725B5ED85002D8273 /* QR Code Generator */ = {
			isa = PBXGroup;
			children = (
				F66DCF5825B5ED85002D8273 /* QR_Code_GeneratorApp.swift */,
				F66DCF5A25B5ED85002D8273 /* ContentView.swift */,
				F6571C4725D86933005D634F /* ImageSaver.swift */,
				F6571C4A25D89585005D634F /* QRCodeGenerator.swift */,
				F66DCF5C25B5ED87002D8273 /* Assets.xcassets */,
				F66DCF6125B5ED87002D8273 /* Info.plist */,
				F66DCF5E25B5ED87002D8273 /* Preview Content */,
			);
			path = "QR Code Generator";
			sourceTree = "<group>";
		};
		F66DCF5E25B5ED87002D8273 /* Preview Content */ = {
			isa = PBXGroup;
			children = (
				F66DCF5F25B5ED87002D8273 /* Preview Assets.xcassets */,
			);
			path = "Preview Content";
			sourceTree = "<group>";
		};
/* End PBXGroup section */

/* Begin PBXNativeTarget section */
		F66DCF5425B5ED85002D8273 /* QR Code Generator */ = {
			isa = PBXNativeTarget;
			buildConfigurationList = F66DCF6425B5ED87002D8273 /* Build configuration list for PBXNativeTarget "QR Code Generator" */;
			buildPhases = (
				F66DCF5125B5ED85002D8273 /* Sources */,
				F66DCF5225B5ED85002D8273 /* Frameworks */,
				F66DCF5325B5ED85002D8273 /* Resources */,
			);
			buildRules = (
			);
			dependencies = (
			);
			name = "QR Code Generator";
			productName = "QR Code Generator";
			productReference = F66DCF5525B5ED85002D8273 /* QR Code Generator.app */;
			productType = "com.apple.product-type.application";
		};
/* End PBXNativeTarget section */

/* Begin PBXProject section */
		F66DCF4D25B5ED84002D8273 /* Project object */ = {
			isa = PBXProject;
			attributes = {
				LastSwiftUpdateCheck = 1220;
				LastUpgradeCheck = 1220;
				TargetAttributes = {
					F66DCF5425B5ED85002D8273 = {
						CreatedOnToolsVersion = 12.2;
					};
				};
			};
			buildConfigurationList = F66DCF5025B5ED84002D8273 /* Build configuration list for PBXProject "QR Code Generator" */;
			compatibilityVersion = "Xcode 9.3";
			developmentRegion = en;
			hasScannedForEncodings = 0;
			knownRegions = (
				en,
				Base,
			);
			mainGroup = F66DCF4C25B5ED84002D8273;
			productRefGroup = F66DCF5625B5ED85002D8273 /* Products */;
			projectDirPath = "";
			projectRoot = "";
			targets = (
				F66DCF5425B5ED85002D8273 /* QR Code Generator */,
			);
		};
/* End PBXProject section */

/* Begin PBXResourcesBuildPhase section */
		F66DCF5325B5ED85002D8273 /* Resources */ = {
			isa = PBXResourcesBuildPhase;
			buildActionMask = 2147483647;
			files = (
				F66DCF6025B5ED87002D8273 /* Preview Assets.xcassets in Resources */,
				F66DCF5D25B5ED87002D8273 /* Assets.xcassets in Resources */,
			);
			runOnlyForDeploymentPostprocessing = 0;
		};
/* End PBXResourcesBuildPhase section */

/* Begin PBXSourcesBuildPhase section */
		F66DCF5125B5ED85002D8273 /* Sources */ = {
			isa = PBXSourcesBuildPhase;
			buildActionMask = 2147483647;
			files = (
				F66DCF5B25B5ED85002D8273 /* ContentView.swift in Sources */,
				F6571C4B25D89585005D634F /* QRCodeGenerator.swift in Sources */,
				F6571C4825D86933005D634F /* ImageSaver.swift in Sources */,
				F66DCF5925B5ED85002D8273 /* QR_Code_GeneratorApp.swift in Sources */,
			);
			runOnlyForDeploymentPostprocessing = 0;
		};
/* End PBXSourcesBuildPhase section */

/* Begin XCBuildConfiguration section */
		F66DCF6225B5ED87002D8273 /* Debug */ = {
			isa = XCBuildConfiguration;
			buildSettings = {
				ALWAYS_SEARCH_USER_PATHS = NO;
				CLANG_ANALYZER_NONNULL = YES;
				CLANG_ANALYZER_NUMBER_OBJECT_CONVERSION = YES_AGGRESSIVE;
				CLANG_CXX_LANGUAGE_STANDARD = "gnu++14";
				CLANG_CXX_LIBRARY = "libc++";
				CLANG_ENABLE_MODULES = YES;
				CLANG_ENABLE_OBJC_ARC = YES;
				CLANG_ENABLE_OBJC_WEAK = YES;
				CLANG_WARN_BLOCK_CAPTURE_AUTORELEASING = YES;
				CLANG_WARN_BOOL_CONVERSION = YES;
				CLANG_WARN_COMMA = YES;
				CLANG_WARN_CONSTANT_CONVERSION = YES;
				CLANG_WARN_DEPRECATED_OBJC_IMPLEMENTATIONS = YES;
				CLANG_WARN_DIRECT_OBJC_ISA_USAGE = YES_ERROR;
				CLANG_WARN_DOCUMENTATION_COMMENTS = YES;
				CLANG_WARN_EMPTY_BODY = YES;
				CLANG_WARN_ENUM_CONVERSION = YES;
				CLANG_WARN_INFINITE_RECURSION = YES;
				CLANG_WARN_INT_CONVERSION = YES;
				CLANG_WARN_NON_LITERAL_NULL_CONVERSION = YES;
				CLANG_WARN_OBJC_IMPLICIT_RETAIN_SELF = YES;
				CLANG_WARN_OBJC_LITERAL_CONVERSION = YES;
				CLANG_WARN_OBJC_ROOT_CLASS = YES_ERROR;
				CLANG_WARN_QUOTED_INCLUDE_IN_FRAMEWORK_HEADER = YES;
				CLANG_WARN_RANGE_LOOP_ANALYSIS = YES;
				CLANG_WARN_STRICT_PROTOTYPES = YES;
				CLANG_WARN_SUSPICIOUS_MOVE = YES;
				CLANG_WARN_UNGUARDED_AVAILABILITY = YES_AGGRESSIVE;
				CLANG_WARN_UNREACHABLE_CODE = YES;
				CLANG_WARN__DUPLICATE_METHOD_MATCH = YES;
				COPY_PHASE_STRIP = NO;
				DEBUG_INFORMATION_FORMAT = dwarf;
				ENABLE_STRICT_OBJC_MSGSEND = YES;
				ENABLE_TESTABILITY = YES;
				GCC_C_LANGUAGE_STANDARD = gnu11;
				GCC_DYNAMIC_NO_PIC = NO;
				GCC_NO_COMMON_BLOCKS = YES;
				GCC_OPTIMIZATION_LEVEL = 0;
				GCC_PREPROCESSOR_DEFINITIONS = (
					"DEBUG=1",
					"$(inherited)",
				);
				GCC_WARN_64_TO_32_BIT_CONVERSION = YES;
				GCC_WARN_ABOUT_RETURN_TYPE = YES_ERROR;
				GCC_WARN_UNDECLARED_SELECTOR = YES;
				GCC_WARN_UNINITIALIZED_AUTOS = YES_AGGRESSIVE;
				GCC_WARN_UNUSED_FUNCTION = YES;
				GCC_WARN_UNUSED_VARIABLE = YES;
				IPHONEOS_DEPLOYMENT_TARGET = 14.2;
				MTL_ENABLE_DEBUG_INFO = INCLUDE_SOURCE;
				MTL_FAST_MATH = YES;
				ONLY_ACTIVE_ARCH = YES;
				SDKROOT = iphoneos;
				SWIFT_ACTIVE_COMPILATION_CONDITIONS = DEBUG;
				SWIFT_OPTIMIZATION_LEVEL = "-Onone";
			};
			name = Debug;
		};
		F66DCF6325B5ED87002D8273 /* Release */ = {
			isa = XCBuildConfiguration;
			buildSettings = {
				ALWAYS_SEARCH_USER_PATHS = NO;
				CLANG_ANALYZER_NONNULL = YES;
				CLANG_ANALYZER_NUMBER_OBJECT_CONVERSION = YES_AGGRESSIVE;
				CLANG_CXX_LANGUAGE_STANDARD = "gnu++14";
				CLANG_CXX_LIBRARY = "libc++";
				CLANG_ENABLE_MODULES = YES;
				CLANG_ENABLE_OBJC_ARC = YES;
				CLANG_ENABLE_OBJC_WEAK = YES;
				CLANG_WARN_BLOCK_CAPTURE_AUTORELEASING = YES;
				CLANG_WARN_BOOL_CONVERSION = YES;
				CLANG_WARN_COMMA = YES;
				CLANG_WARN_CONSTANT_CONVERSION = YES;
				CLANG_WARN_DEPRECATED_OBJC_IMPLEMENTATIONS = YES;
				CLANG_WARN_DIRECT_OBJC_ISA_USAGE = YES_ERROR;
				CLANG_WARN_DOCUMENTATION_COMMENTS = YES;
				CLANG_WARN_EMPTY_BODY = YES;
				CLANG_WARN_ENUM_CONVERSION = YES;
				CLANG_WARN_INFINITE_RECURSION = YES;
				CLANG_WARN_INT_CONVERSION = YES;
				CLANG_WARN_NON_LITERAL_NULL_CONVERSION = YES;
				CLANG_WARN_OBJC_IMPLICIT_RETAIN_SELF = YES;
				CLANG_WARN_OBJC_LITERAL_CONVERSION = YES;
				CLANG_WARN_OBJC_ROOT_CLASS = YES_ERROR;
				CLANG_WARN_QUOTED_INCLUDE_IN_FRAMEWORK_HEADER = YES;
				CLANG_WARN_RANGE_LOOP_ANALYSIS = YES;
				CLANG_WARN_STRICT_PROTOTYPES = YES;
				CLANG_WARN_SUSPICIOUS_MOVE = YES;
				CLANG_WARN_UNGUARDED_AVAILABILITY = YES_AGGRESSIVE;
				CLANG_WARN_UNREACHABLE_CODE = YES;
				CLANG_WARN__DUPLICATE_METHOD_MATCH = YES;
				COPY_PHASE_STRIP = NO;
				DEBUG_INFORMATION_FORMAT = "dwarf-with-dsym";
				ENABLE_NS_ASSERTIONS = NO;
				ENABLE_STRICT_OBJC_MSGSEND = YES;
				GCC_C_LANGUAGE_STANDARD = gnu11;
				GCC_NO_COMMON_BLOCKS = YES;
				GCC_WARN_64_TO_32_BIT_CONVERSION = YES;
				GCC_WARN_ABOUT_RETURN_TYPE = YES_ERROR;
				GCC_WARN_UNDECLARED_SELECTOR = YES;
				GCC_WARN_UNINITIALIZED_AUTOS = YES_AGGRESSIVE;
				GCC_WARN_UNUSED_FUNCTION = YES;
				GCC_WARN_UNUSED_VARIABLE = YES;
				IPHONEOS_DEPLOYMENT_TARGET = 14.2;
				MTL_ENABLE_DEBUG_INFO = NO;
				MTL_FAST_MATH = YES;
				SDKROOT = iphoneos;
				SWIFT_COMPILATION_MODE = wholemodule;
				SWIFT_OPTIMIZATION_LEVEL = "-O";
				VALIDATE_PRODUCT = YES;
			};
			name = Release;
		};
		F66DCF6525B5ED87002D8273 /* Debug */ = {
			isa = XCBuildConfiguration;
			buildSettings = {
				ASSETCATALOG_COMPILER_APPICON_NAME = AppIcon;
				ASSETCATALOG_COMPILER_GLOBAL_ACCENT_COLOR_NAME = AccentColor;
				CODE_SIGN_IDENTITY = "Apple Development";
				CODE_SIGN_STYLE = Automatic;
				DEVELOPMENT_ASSET_PATHS = "\"QR Code Generator/Preview Content\"";
				DEVELOPMENT_TEAM = 5U48XLFTQZ;
				ENABLE_PREVIEWS = YES;
				INFOPLIST_FILE = "QR Code Generator/Info.plist";
				IPHONEOS_DEPLOYMENT_TARGET = 14.0;
				LD_RUNPATH_SEARCH_PATHS = (
					"$(inherited)",
					"@executable_path/Frameworks",
				);
				PRODUCT_BUNDLE_IDENTIFIER = "com.alep.apps.QR-Code-Generator";
				PRODUCT_NAME = "$(TARGET_NAME)";
				PROVISIONING_PROFILE_SPECIFIER = "";
				SWIFT_VERSION = 5.0;
				TARGETED_DEVICE_FAMILY = "1,2";
			};
			name = Debug;
		};
		F66DCF6625B5ED87002D8273 /* Release */ = {
			isa = XCBuildConfiguration;
			buildSettings = {
				ASSETCATALOG_COMPILER_APPICON_NAME = AppIcon;
				ASSETCATALOG_COMPILER_GLOBAL_ACCENT_COLOR_NAME = AccentColor;
				CODE_SIGN_IDENTITY = "Apple Development";
				CODE_SIGN_STYLE = Automatic;
				DEVELOPMENT_ASSET_PATHS = "\"QR Code Generator/Preview Content\"";
				DEVELOPMENT_TEAM = 5U48XLFTQZ;
				ENABLE_PREVIEWS = YES;
				INFOPLIST_FILE = "QR Code Generator/Info.plist";
				IPHONEOS_DEPLOYMENT_TARGET = 14.0;
				LD_RUNPATH_SEARCH_PATHS = (
					"$(inherited)",
					"@executable_path/Frameworks",
				);
				PRODUCT_BUNDLE_IDENTIFIER = "com.alep.apps.QR-Code-Generator";
				PRODUCT_NAME = "$(TARGET_NAME)";
				PROVISIONING_PROFILE_SPECIFIER = "";
				SWIFT_VERSION = 5.0;
				TARGETED_DEVICE_FAMILY = "1,2";
			};
			name = Release;
		};
/* End XCBuildConfiguration section */

/* Begin XCConfigurationList section */
		F66DCF5025B5ED84002D8273 /* Build configuration list for PBXProject "QR Code Generator" */ = {
			isa = XCConfigurationList;
			buildConfigurations = (
				F66DCF6225B5ED87002D8273 /* Debug */,
				F66DCF6325B5ED87002D8273 /* Release */,
			);
			defaultConfigurationIsVisible = 0;
			defaultConfigurationName = Release;
		};
		F66DCF6425B5ED87002D8273 /* Build configuration list for PBXNativeTarget "QR Code Generator" */ = {
			isa = XCConfigurationList;
			buildConfigurations = (
				F66DCF6525B5ED87002D8273 /* Debug */,
				F66DCF6625B5ED87002D8273 /* Release */,
			);
			defaultConfigurationIsVisible = 0;
			defaultConfigurationName = Release;
		};
/* End XCConfigurationList section */
	};
	rootObject = F66DCF4D25B5ED84002D8273 /* Project object */;
}
