// !$*UTF8*$!
{
	archiveVersion = 1;
	classes = {
	};
	objectVersion = 50;
	objects = {

/* Begin PBXBuildFile section */
		F66DCF9125B6039E002D8273 /* Music_SearchApp.swift in Sources */ = {isa = PBXBuildFile; fileRef = F66DCF9025B6039E002D8273 /* Music_SearchApp.swift */; };
		F66DCF9325B6039E002D8273 /* ContentView.swift in Sources */ = {isa = PBXBuildFile; fileRef = F66DCF9225B6039E002D8273 /* ContentView.swift */; };
		F66DCF9525B6039E002D8273 /* Assets.xcassets in Resources */ = {isa = PBXBuildFile; fileRef = F66DCF9425B6039E002D8273 /* Assets.xcassets */; };
		F66DCF9825B6039E002D8273 /* Preview Assets.xcassets in Resources */ = {isa = PBXBuildFile; fileRef = F66DCF9725B6039E002D8273 /* Preview Assets.xcassets */; };
		F66DCFA125B60986002D8273 /* DataModel.swift in Sources */ = {isa = PBXBuildFile; fileRef = F66DCFA025B60986002D8273 /* DataModel.swift */; };
		F66DCFA425B6102A002D8273 /* SongListViewModel.swift in Sources */ = {isa = PBXBuildFile; fileRef = F66DCFA325B6102A002D8273 /* SongListViewModel.swift */; };
		F66DCFA725B61CEA002D8273 /* ArtworkLoader.swift in Sources */ = {isa = PBXBuildFile; fileRef = F66DCFA625B61CEA002D8273 /* ArtworkLoader.swift */; };
/* End PBXBuildFile section */

/* Begin PBXFileReference section */
		F66DCF8D25B6039E002D8273 /* Music Search.app */ = {isa = PBXFileReference; explicitFileType = wrapper.application; includeInIndex = 0; path = "Music Search.app"; sourceTree = BUILT_PRODUCTS_DIR; };
		F66DCF9025B6039E002D8273 /* Music_SearchApp.swift */ = {isa = PBXFileReference; lastKnownFileType = sourcecode.swift; path = Music_SearchApp.swift; sourceTree = "<group>"; };
		F66DCF9225B6039E002D8273 /* ContentView.swift */ = {isa = PBXFileReference; lastKnownFileType = sourcecode.swift; path = ContentView.swift; sourceTree = "<group>"; };
		F66DCF9425B6039E002D8273 /* Assets.xcassets */ = {isa = PBXFileReference; lastKnownFileType = folder.assetcatalog; path = Assets.xcassets; sourceTree = "<group>"; };
		F66DCF9725B6039E002D8273 /* Preview Assets.xcassets */ = {isa = PBXFileReference; lastKnownFileType = folder.assetcatalog; path = "Preview Assets.xcassets"; sourceTree = "<group>"; };
		F66DCF9925B6039E002D8273 /* Info.plist */ = {isa = PBXFileReference; lastKnownFileType = text.plist.xml; path = Info.plist; sourceTree = "<group>"; };
		F66DCFA025B60986002D8273 /* DataModel.swift */ = {isa = PBXFileReference; lastKnownFileType = sourcecode.swift; path = DataModel.swift; sourceTree = "<group>"; };
		F66DCFA325B6102A002D8273 /* SongListViewModel.swift */ = {isa = PBXFileReference; lastKnownFileType = sourcecode.swift; path = SongListViewModel.swift; sourceTree = "<group>"; };
		F66DCFA625B61CEA002D8273 /* ArtworkLoader.swift */ = {isa = PBXFileReference; lastKnownFileType = sourcecode.swift; path = ArtworkLoader.swift; sourceTree = "<group>"; };
/* End PBXFileReference section */

/* Begin PBXFrameworksBuildPhase section */
		F66DCF8A25B6039E002D8273 /* Frameworks */ = {
			isa = PBXFrameworksBuildPhase;
			buildActionMask = 2147483647;
			files = (
			);
			runOnlyForDeploymentPostprocessing = 0;
		};
/* End PBXFrameworksBuildPhase section */

/* Begin PBXGroup section */
		F66DCF8425B6039E002D8273 = {
			isa = PBXGroup;
			children = (
				F66DCF8F25B6039E002D8273 /* Music Search */,
				F66DCF8E25B6039E002D8273 /* Products */,
			);
			sourceTree = "<group>";
		};
		F66DCF8E25B6039E002D8273 /* Products */ = {
			isa = PBXGroup;
			children = (
				F66DCF8D25B6039E002D8273 /* Music Search.app */,
			);
			name = Products;
			sourceTree = "<group>";
		};
		F66DCF8F25B6039E002D8273 /* Music Search */ = {
			isa = PBXGroup;
			children = (
				F66DCF9025B6039E002D8273 /* Music_SearchApp.swift */,
				F66DCF9225B6039E002D8273 /* ContentView.swift */,
				F66DCFA625B61CEA002D8273 /* ArtworkLoader.swift */,
				F66DCFA025B60986002D8273 /* DataModel.swift */,
				F66DCFA325B6102A002D8273 /* SongListViewModel.swift */,
				F66DCF9425B6039E002D8273 /* Assets.xcassets */,
				F66DCF9925B6039E002D8273 /* Info.plist */,
				F66DCF9625B6039E002D8273 /* Preview Content */,
			);
			path = "Music Search";
			sourceTree = "<group>";
		};
		F66DCF9625B6039E002D8273 /* Preview Content */ = {
			isa = PBXGroup;
			children = (
				F66DCF9725B6039E002D8273 /* Preview Assets.xcassets */,
			);
			path = "Preview Content";
			sourceTree = "<group>";
		};
/* End PBXGroup section */

/* Begin PBXNativeTarget section */
		F66DCF8C25B6039E002D8273 /* Music Search */ = {
			isa = PBXNativeTarget;
			buildConfigurationList = F66DCF9C25B6039E002D8273 /* Build configuration list for PBXNativeTarget "Music Search" */;
			buildPhases = (
				F66DCF8925B6039E002D8273 /* Sources */,
				F66DCF8A25B6039E002D8273 /* Frameworks */,
				F66DCF8B25B6039E002D8273 /* Resources */,
			);
			buildRules = (
			);
			dependencies = (
			);
			name = "Music Search";
			productName = "Music Search";
			productReference = F66DCF8D25B6039E002D8273 /* Music Search.app */;
			productType = "com.apple.product-type.application";
		};
/* End PBXNativeTarget section */

/* Begin PBXProject section */
		F66DCF8525B6039E002D8273 /* Project object */ = {
			isa = PBXProject;
			attributes = {
				LastSwiftUpdateCheck = 1220;
				LastUpgradeCheck = 1220;
				TargetAttributes = {
					F66DCF8C25B6039E002D8273 = {
						CreatedOnToolsVersion = 12.2;
					};
				};
			};
			buildConfigurationList = F66DCF8825B6039E002D8273 /* Build configuration list for PBXProject "Music Search" */;
			compatibilityVersion = "Xcode 9.3";
			developmentRegion = en;
			hasScannedForEncodings = 0;
			knownRegions = (
				en,
				Base,
			);
			mainGroup = F66DCF8425B6039E002D8273;
			productRefGroup = F66DCF8E25B6039E002D8273 /* Products */;
			projectDirPath = "";
			projectRoot = "";
			targets = (
				F66DCF8C25B6039E002D8273 /* Music Search */,
			);
		};
/* End PBXProject section */

/* Begin PBXResourcesBuildPhase section */
		F66DCF8B25B6039E002D8273 /* Resources */ = {
			isa = PBXResourcesBuildPhase;
			buildActionMask = 2147483647;
			files = (
				F66DCF9825B6039E002D8273 /* Preview Assets.xcassets in Resources */,
				F66DCF9525B6039E002D8273 /* Assets.xcassets in Resources */,
			);
			runOnlyForDeploymentPostprocessing = 0;
		};
/* End PBXResourcesBuildPhase section */

/* Begin PBXSourcesBuildPhase section */
		F66DCF8925B6039E002D8273 /* Sources */ = {
			isa = PBXSourcesBuildPhase;
			buildActionMask = 2147483647;
			files = (
				F66DCF9325B6039E002D8273 /* ContentView.swift in Sources */,
				F66DCFA425B6102A002D8273 /* SongListViewModel.swift in Sources */,
				F66DCFA725B61CEA002D8273 /* ArtworkLoader.swift in Sources */,
				F66DCF9125B6039E002D8273 /* Music_SearchApp.swift in Sources */,
				F66DCFA125B60986002D8273 /* DataModel.swift in Sources */,
			);
			runOnlyForDeploymentPostprocessing = 0;
		};
/* End PBXSourcesBuildPhase section */

/* Begin XCBuildConfiguration section */
		F66DCF9A25B6039E002D8273 /* Debug */ = {
			isa = XCBuildConfiguration;
			buildSettings = {
				ALWAYS_SEARCH_USER_PATHS = NO;
				CLANG_ANALYZER_NONNULL = YES;
				CLANG_ANALYZER_NUMBER_OBJECT_CONVERSION = YES_AGGRESSIVE;
				CLANG_CXX_LANGUAGE_STANDARD = "gnu++14";
				CLANG_CXX_LIBRARY = "libc++";
				CLANG_ENABLE_MODULES = YES;
				CLANG_ENABLE_OBJC_ARC = YES;
				CLANG_ENABLE_OBJC_WEAK = YES;
				CLANG_WARN_BLOCK_CAPTURE_AUTORELEASING = YES;
				CLANG_WARN_BOOL_CONVERSION = YES;
				CLANG_WARN_COMMA = YES;
				CLANG_WARN_CONSTANT_CONVERSION = YES;
				CLANG_WARN_DEPRECATED_OBJC_IMPLEMENTATIONS = YES;
				CLANG_WARN_DIRECT_OBJC_ISA_USAGE = YES_ERROR;
				CLANG_WARN_DOCUMENTATION_COMMENTS = YES;
				CLANG_WARN_EMPTY_BODY = YES;
				CLANG_WARN_ENUM_CONVERSION = YES;
				CLANG_WARN_INFINITE_RECURSION = YES;
				CLANG_WARN_INT_CONVERSION = YES;
				CLANG_WARN_NON_LITERAL_NULL_CONVERSION = YES;
				CLANG_WARN_OBJC_IMPLICIT_RETAIN_SELF = YES;
				CLANG_WARN_OBJC_LITERAL_CONVERSION = YES;
				CLANG_WARN_OBJC_ROOT_CLASS = YES_ERROR;
				CLANG_WARN_QUOTED_INCLUDE_IN_FRAMEWORK_HEADER = YES;
				CLANG_WARN_RANGE_LOOP_ANALYSIS = YES;
				CLANG_WARN_STRICT_PROTOTYPES = YES;
				CLANG_WARN_SUSPICIOUS_MOVE = YES;
				CLANG_WARN_UNGUARDED_AVAILABILITY = YES_AGGRESSIVE;
				CLANG_WARN_UNREACHABLE_CODE = YES;
				CLANG_WARN__DUPLICATE_METHOD_MATCH = YES;
				COPY_PHASE_STRIP = NO;
				DEBUG_INFORMATION_FORMAT = dwarf;
				ENABLE_STRICT_OBJC_MSGSEND = YES;
				ENABLE_TESTABILITY = YES;
				GCC_C_LANGUAGE_STANDARD = gnu11;
				GCC_DYNAMIC_NO_PIC = NO;
				GCC_NO_COMMON_BLOCKS = YES;
				GCC_OPTIMIZATION_LEVEL = 0;
				GCC_PREPROCESSOR_DEFINITIONS = (
					"DEBUG=1",
					"$(inherited)",
				);
				GCC_WARN_64_TO_32_BIT_CONVERSION = YES;
				GCC_WARN_ABOUT_RETURN_TYPE = YES_ERROR;
				GCC_WARN_UNDECLARED_SELECTOR = YES;
				GCC_WARN_UNINITIALIZED_AUTOS = YES_AGGRESSIVE;
				GCC_WARN_UNUSED_FUNCTION = YES;
				GCC_WARN_UNUSED_VARIABLE = YES;
				IPHONEOS_DEPLOYMENT_TARGET = 14.2;
				MTL_ENABLE_DEBUG_INFO = INCLUDE_SOURCE;
				MTL_FAST_MATH = YES;
				ONLY_ACTIVE_ARCH = YES;
				SDKROOT = iphoneos;
				SWIFT_ACTIVE_COMPILATION_CONDITIONS = DEBUG;
				SWIFT_OPTIMIZATION_LEVEL = "-Onone";
			};
			name = Debug;
		};
		F66DCF9B25B6039E002D8273 /* Release */ = {
			isa = XCBuildConfiguration;
			buildSettings = {
				ALWAYS_SEARCH_USER_PATHS = NO;
				CLANG_ANALYZER_NONNULL = YES;
				CLANG_ANALYZER_NUMBER_OBJECT_CONVERSION = YES_AGGRESSIVE;
				CLANG_CXX_LANGUAGE_STANDARD = "gnu++14";
				CLANG_CXX_LIBRARY = "libc++";
				CLANG_ENABLE_MODULES = YES;
				CLANG_ENABLE_OBJC_ARC = YES;
				CLANG_ENABLE_OBJC_WEAK = YES;
				CLANG_WARN_BLOCK_CAPTURE_AUTORELEASING = YES;
				CLANG_WARN_BOOL_CONVERSION = YES;
				CLANG_WARN_COMMA = YES;
				CLANG_WARN_CONSTANT_CONVERSION = YES;
				CLANG_WARN_DEPRECATED_OBJC_IMPLEMENTATIONS = YES;
				CLANG_WARN_DIRECT_OBJC_ISA_USAGE = YES_ERROR;
				CLANG_WARN_DOCUMENTATION_COMMENTS = YES;
				CLANG_WARN_EMPTY_BODY = YES;
				CLANG_WARN_ENUM_CONVERSION = YES;
				CLANG_WARN_INFINITE_RECURSION = YES;
				CLANG_WARN_INT_CONVERSION = YES;
				CLANG_WARN_NON_LITERAL_NULL_CONVERSION = YES;
				CLANG_WARN_OBJC_IMPLICIT_RETAIN_SELF = YES;
				CLANG_WARN_OBJC_LITERAL_CONVERSION = YES;
				CLANG_WARN_OBJC_ROOT_CLASS = YES_ERROR;
				CLANG_WARN_QUOTED_INCLUDE_IN_FRAMEWORK_HEADER = YES;
				CLANG_WARN_RANGE_LOOP_ANALYSIS = YES;
				CLANG_WARN_STRICT_PROTOTYPES = YES;
				CLANG_WARN_SUSPICIOUS_MOVE = YES;
				CLANG_WARN_UNGUARDED_AVAILABILITY = YES_AGGRESSIVE;
				CLANG_WARN_UNREACHABLE_CODE = YES;
				CLANG_WARN__DUPLICATE_METHOD_MATCH = YES;
				COPY_PHASE_STRIP = NO;
				DEBUG_INFORMATION_FORMAT = "dwarf-with-dsym";
				ENABLE_NS_ASSERTIONS = NO;
				ENABLE_STRICT_OBJC_MSGSEND = YES;
				GCC_C_LANGUAGE_STANDARD = gnu11;
				GCC_NO_COMMON_BLOCKS = YES;
				GCC_WARN_64_TO_32_BIT_CONVERSION = YES;
				GCC_WARN_ABOUT_RETURN_TYPE = YES_ERROR;
				GCC_WARN_UNDECLARED_SELECTOR = YES;
				GCC_WARN_UNINITIALIZED_AUTOS = YES_AGGRESSIVE;
				GCC_WARN_UNUSED_FUNCTION = YES;
				GCC_WARN_UNUSED_VARIABLE = YES;
				IPHONEOS_DEPLOYMENT_TARGET = 14.2;
				MTL_ENABLE_DEBUG_INFO = NO;
				MTL_FAST_MATH = YES;
				SDKROOT = iphoneos;
				SWIFT_COMPILATION_MODE = wholemodule;
				SWIFT_OPTIMIZATION_LEVEL = "-O";
				VALIDATE_PRODUCT = YES;
			};
			name = Release;
		};
		F66DCF9D25B6039E002D8273 /* Debug */ = {
			isa = XCBuildConfiguration;
			buildSettings = {
				ASSETCATALOG_COMPILER_APPICON_NAME = AppIcon;
				ASSETCATALOG_COMPILER_GLOBAL_ACCENT_COLOR_NAME = AccentColor;
				CODE_SIGN_STYLE = Automatic;
				DEVELOPMENT_ASSET_PATHS = "\"Music Search/Preview Content\"";
				ENABLE_PREVIEWS = YES;
				INFOPLIST_FILE = "Music Search/Info.plist";
				IPHONEOS_DEPLOYMENT_TARGET = 14.0;
				LD_RUNPATH_SEARCH_PATHS = (
					"$(inherited)",
					"@executable_path/Frameworks",
				);
				PRODUCT_BUNDLE_IDENTIFIER = "com.alep.apps.Music-Search";
				PRODUCT_NAME = "$(TARGET_NAME)";
				SWIFT_VERSION = 5.0;
				TARGETED_DEVICE_FAMILY = "1,2";
			};
			name = Debug;
		};
		F66DCF9E25B6039E002D8273 /* Release */ = {
			isa = XCBuildConfiguration;
			buildSettings = {
				ASSETCATALOG_COMPILER_APPICON_NAME = AppIcon;
				ASSETCATALOG_COMPILER_GLOBAL_ACCENT_COLOR_NAME = AccentColor;
				CODE_SIGN_STYLE = Automatic;
				DEVELOPMENT_ASSET_PATHS = "\"Music Search/Preview Content\"";
				ENABLE_PREVIEWS = YES;
				INFOPLIST_FILE = "Music Search/Info.plist";
				IPHONEOS_DEPLOYMENT_TARGET = 14.0;
				LD_RUNPATH_SEARCH_PATHS = (
					"$(inherited)",
					"@executable_path/Frameworks",
				);
				PRODUCT_BUNDLE_IDENTIFIER = "com.alep.apps.Music-Search";
				PRODUCT_NAME = "$(TARGET_NAME)";
				SWIFT_VERSION = 5.0;
				TARGETED_DEVICE_FAMILY = "1,2";
			};
			name = Release;
		};
/* End XCBuildConfiguration section */

/* Begin XCConfigurationList section */
		F66DCF8825B6039E002D8273 /* Build configuration list for PBXProject "Music Search" */ = {
			isa = XCConfigurationList;
			buildConfigurations = (
				F66DCF9A25B6039E002D8273 /* Debug */,
				F66DCF9B25B6039E002D8273 /* Release */,
			);
			defaultConfigurationIsVisible = 0;
			defaultConfigurationName = Release;
		};
		F66DCF9C25B6039E002D8273 /* Build configuration list for PBXNativeTarget "Music Search" */ = {
			isa = XCConfigurationList;
			buildConfigurations = (
				F66DCF9D25B6039E002D8273 /* Debug */,
				F66DCF9E25B6039E002D8273 /* Release */,
			);
			defaultConfigurationIsVisible = 0;
			defaultConfigurationName = Release;
		};
/* End XCConfigurationList section */
	};
	rootObject = F66DCF8525B6039E002D8273 /* Project object */;
}
